
Microsoft Visual Studio Solution File, Format Version 12.00
# Visual Studio Version 17
VisualStudioVersion = 17.5.002.0
MinimumVisualStudioVersion = 10.0.40219.1
Project("{9A19103F-16F7-4668-BE54-9A1E7A4F7556}") = "AdventOfCode.2023", "2023\AdventOfCode.2023.csproj", "{3C41C817-6304-4D85-BE0F-CD16D7C4D947}"
EndProject
Project("{9A19103F-16F7-4668-BE54-9A1E7A4F7556}") = "AdventOfCode.2024", "2024\AdventOfCode.2024.csproj", "{9568DB79-FCDE-4F9C-9A87-7BE354865EF5}"
EndProject
Project("{9A19103F-16F7-4668-BE54-9A1E7A4F7556}") = "AdventOfCode.Util", "util\AdventOfCode.Util.csproj", "{581AB8F1-8F6D-4ADA-B60A-2F09AD0A7A62}"
EndProject
Global
	GlobalSection(SolutionConfigurationPlatforms) = preSolution
		Debug|Any CPU = Debug|Any CPU
		Release|Any CPU = Release|Any CPU
	EndGlobalSection
	GlobalSection(ProjectConfigurationPlatforms) = postSolution
		{3C41C817-6304-4D85-BE0F-CD16D7C4D947}.Debug|Any CPU.ActiveCfg = Debug|Any CPU
		{3C41C817-6304-4D85-BE0F-CD16D7C4D947}.Debug|Any CPU.Build.0 = Debug|Any CPU
		{3C41C817-6304-4D85-BE0F-CD16D7C4D947}.Release|Any CPU.ActiveCfg = Release|Any CPU
		{3C41C817-6304-4D85-BE0F-CD16D7C4D947}.Release|Any CPU.Build.0 = Release|Any CPU
		{9568DB79-FCDE-4F9C-9A87-7BE354865EF5}.Debug|Any CPU.ActiveCfg = Debug|Any CPU
		{9568DB79-FCDE-4F9C-9A87-7BE354865EF5}.Debug|Any CPU.Build.0 = Debug|Any CPU
		{9568DB79-FCDE-4F9C-9A87-7BE354865EF5}.Release|Any CPU.ActiveCfg = Release|Any CPU
		{9568DB79-FCDE-4F9C-9A87-7BE354865EF5}.Release|Any CPU.Build.0 = Release|Any CPU
		{581AB8F1-8F6D-4ADA-B60A-2F09AD0A7A62}.Debug|Any CPU.ActiveCfg = Debug|Any CPU
		{581AB8F1-8F6D-4ADA-B60A-2F09AD0A7A62}.Debug|Any CPU.Build.0 = Debug|Any CPU
		{581AB8F1-8F6D-4ADA-B60A-2F09AD0A7A62}.Release|Any CPU.ActiveCfg = Release|Any CPU
		{581AB8F1-8F6D-4ADA-B60A-2F09AD0A7A62}.Release|Any CPU.Build.0 = Release|Any CPU
	EndGlobalSection
	GlobalSection(SolutionProperties) = preSolution
		HideSolutionNode = FALSE
	EndGlobalSection
	GlobalSection(ExtensibilityGlobals) = postSolution
		SolutionGuid = {D61990FF-F27C-456D-98F7-F4E4175DC960}
	EndGlobalSection
EndGlobal
